
Microsoft Visual Studio Solution File, Format Version 12.00
# Visual Studio Version 16
VisualStudioVersion = 16.0.30907.101
MinimumVisualStudioVersion = 10.0.40219.1
Project("{8BC9CEB8-8B4A-11D0-8D11-00A0C91BC942}") = "Chess", "Chess.vcxproj", "{C26C9541-DB7F-41A8-A965-410D0FA2DCB6}"
EndProject
Global
	GlobalSection(SolutionConfigurationPlatforms) = preSolution
		Debug|x64 = Debug|x64
		Debug|x86 = Debug|x86
		Release|x64 = Release|x64
		Release|x86 = Release|x86
	EndGlobalSection
	GlobalSection(ProjectConfigurationPlatforms) = postSolution
		{C26C9541-DB7F-41A8-A965-410D0FA2DCB6}.Debug|x64.ActiveCfg = Debug|x64
		{C26C9541-DB7F-41A8-A965-410D0FA2DCB6}.Debug|x64.Build.0 = Debug|x64
		{C26C9541-DB7F-41A8-A965-410D0FA2DCB6}.Debug|x86.ActiveCfg = Debug|Win32
		{C26C9541-DB7F-41A8-A965-410D0FA2DCB6}.Debug|x86.Build.0 = Debug|Win32
		{C26C9541-DB7F-41A8-A965-410D0FA2DCB6}.Release|x64.ActiveCfg = Release|x64
		{C26C9541-DB7F-41A8-A965-410D0FA2DCB6}.Release|x64.Build.0 = Release|x64
		{C26C9541-DB7F-41A8-A965-410D0FA2DCB6}.Release|x86.ActiveCfg = Release|Win32
		{C26C9541-DB7F-41A8-A965-410D0FA2DCB6}.Release|x86.Build.0 = Release|Win32
	EndGlobalSection
	GlobalSection(SolutionProperties) = preSolution
		HideSolutionNode = FALSE
	EndGlobalSection
	GlobalSection(ExtensibilityGlobals) = postSolution
		SolutionGuid = {5198272B-63C7-40ED-8ADC-B4B9C7F25173}
	EndGlobalSection
EndGlobal
